
Microsoft Visual Studio Solution File, Format Version 12.00
# Visual Studio Version 16
VisualStudioVersion = 16.0.29215.179
MinimumVisualStudioVersion = 10.0.40219.1
Project("{FAE04EC0-301F-11D3-BF4B-00C04F79EFBC}") = "Contacts-KT", "Contacts-KT.csproj", "{381BEE46-E4C3-4CDA-A187-9E23964D7EC7}"
EndProject
Global
	GlobalSection(SolutionConfigurationPlatforms) = preSolution
		Debug|Any CPU = Debug|Any CPU
		Release|Any CPU = Release|Any CPU
	EndGlobalSection
	GlobalSection(ProjectConfigurationPlatforms) = postSolution
		{381BEE46-E4C3-4CDA-A187-9E23964D7EC7}.Debug|Any CPU.ActiveCfg = Debug|Any CPU
		{381BEE46-E4C3-4CDA-A187-9E23964D7EC7}.Debug|Any CPU.Build.0 = Debug|Any CPU
		{381BEE46-E4C3-4CDA-A187-9E23964D7EC7}.Release|Any CPU.ActiveCfg = Release|Any CPU
		{381BEE46-E4C3-4CDA-A187-9E23964D7EC7}.Release|Any CPU.Build.0 = Release|Any CPU
	EndGlobalSection
	GlobalSection(SolutionProperties) = preSolution
		HideSolutionNode = FALSE
	EndGlobalSection
	GlobalSection(ExtensibilityGlobals) = postSolution
		SolutionGuid = {73155FCE-CE79-4FB5-B262-2696E549D31F}
	EndGlobalSection
EndGlobal
